
Microsoft Visual Studio Solution File, Format Version 12.00
# Visual Studio Version 16
VisualStudioVersion = 16.0.31025.194
MinimumVisualStudioVersion = 10.0.40219.1
Project("{9A19103F-16F7-4668-BE54-9A1E7A4F7556}") = "VmsApi", "VmsApi\VmsApi.csproj", "{27AD7242-3007-4F62-9119-3B5BB970FEA0}"
EndProject
Project("{9A19103F-16F7-4668-BE54-9A1E7A4F7556}") = "VmsApi.Data", "VmsApi.Data\VmsApi.Data.csproj", "{7B9E45D5-DF8D-4686-BDC8-DD5D5AA506F0}"
EndProject
Project("{FAE04EC0-301F-11D3-BF4B-00C04F79EFBC}") = "VmsApi.Test", "VmsApi.Test\VmsApi.Test.csproj", "{CD0850F4-D400-48CB-ADE2-4020E0C2C46B}"
EndProject
Global
	GlobalSection(SolutionConfigurationPlatforms) = preSolution
		Debug|Any CPU = Debug|Any CPU
		Release|Any CPU = Release|Any CPU
	EndGlobalSection
	GlobalSection(ProjectConfigurationPlatforms) = postSolution
		{27AD7242-3007-4F62-9119-3B5BB970FEA0}.Debug|Any CPU.ActiveCfg = Debug|Any CPU
		{27AD7242-3007-4F62-9119-3B5BB970FEA0}.Debug|Any CPU.Build.0 = Debug|Any CPU
		{27AD7242-3007-4F62-9119-3B5BB970FEA0}.Release|Any CPU.ActiveCfg = Release|Any CPU
		{27AD7242-3007-4F62-9119-3B5BB970FEA0}.Release|Any CPU.Build.0 = Release|Any CPU
		{7B9E45D5-DF8D-4686-BDC8-DD5D5AA506F0}.Debug|Any CPU.ActiveCfg = Debug|Any CPU
		{7B9E45D5-DF8D-4686-BDC8-DD5D5AA506F0}.Debug|Any CPU.Build.0 = Debug|Any CPU
		{7B9E45D5-DF8D-4686-BDC8-DD5D5AA506F0}.Release|Any CPU.ActiveCfg = Release|Any CPU
		{7B9E45D5-DF8D-4686-BDC8-DD5D5AA506F0}.Release|Any CPU.Build.0 = Release|Any CPU
		{CD0850F4-D400-48CB-ADE2-4020E0C2C46B}.Debug|Any CPU.ActiveCfg = Debug|Any CPU
		{CD0850F4-D400-48CB-ADE2-4020E0C2C46B}.Debug|Any CPU.Build.0 = Debug|Any CPU
		{CD0850F4-D400-48CB-ADE2-4020E0C2C46B}.Release|Any CPU.ActiveCfg = Release|Any CPU
		{CD0850F4-D400-48CB-ADE2-4020E0C2C46B}.Release|Any CPU.Build.0 = Release|Any CPU
	EndGlobalSection
	GlobalSection(SolutionProperties) = preSolution
		HideSolutionNode = FALSE
	EndGlobalSection
	GlobalSection(ExtensibilityGlobals) = postSolution
		SolutionGuid = {67DD87C0-5332-4230-9B1A-1E4547FB5BBA}
	EndGlobalSection
EndGlobal
