
Microsoft Visual Studio Solution File, Format Version 12.00
# Visual Studio Version 16
VisualStudioVersion = 16.0.31019.35
MinimumVisualStudioVersion = 10.0.40219.1
Project("{FAE04EC0-301F-11D3-BF4B-00C04F79EFBC}") = "VMS-backend", "VMS-backend.csproj", "{00397D81-067D-434F-9340-C6A04EC1FB6D}"
EndProject
Global
	GlobalSection(SolutionConfigurationPlatforms) = preSolution
		Debug|Any CPU = Debug|Any CPU
		Release|Any CPU = Release|Any CPU
	EndGlobalSection
	GlobalSection(ProjectConfigurationPlatforms) = postSolution
		{00397D81-067D-434F-9340-C6A04EC1FB6D}.Debug|Any CPU.ActiveCfg = Debug|Any CPU
		{00397D81-067D-434F-9340-C6A04EC1FB6D}.Debug|Any CPU.Build.0 = Debug|Any CPU
		{00397D81-067D-434F-9340-C6A04EC1FB6D}.Release|Any CPU.ActiveCfg = Release|Any CPU
		{00397D81-067D-434F-9340-C6A04EC1FB6D}.Release|Any CPU.Build.0 = Release|Any CPU
	EndGlobalSection
	GlobalSection(SolutionProperties) = preSolution
		HideSolutionNode = FALSE
	EndGlobalSection
	GlobalSection(ExtensibilityGlobals) = postSolution
		SolutionGuid = {13D26DA9-97CF-4920-968F-97CFB0488916}
	EndGlobalSection
EndGlobal
